
Microsoft Visual Studio Solution File, Format Version 12.00
# Visual Studio Version 16
VisualStudioVersion = 16.0.29806.167
MinimumVisualStudioVersion = 10.0.40219.1
Project("{FAE04EC0-301F-11D3-BF4B-00C04F79EFBC}") = "PASIX", "PASIX\PASIX.csproj", "{9E064158-B35C-4D37-B60C-13E1EA395354}"
EndProject
Global
	GlobalSection(SolutionConfigurationPlatforms) = preSolution
		Debug|Any CPU = Debug|Any CPU
		Release|Any CPU = Release|Any CPU
	EndGlobalSection
	GlobalSection(ProjectConfigurationPlatforms) = postSolution
		{9E064158-B35C-4D37-B60C-13E1EA395354}.Debug|Any CPU.ActiveCfg = Debug|Any CPU
		{9E064158-B35C-4D37-B60C-13E1EA395354}.Debug|Any CPU.Build.0 = Debug|Any CPU
		{9E064158-B35C-4D37-B60C-13E1EA395354}.Release|Any CPU.ActiveCfg = Release|Any CPU
		{9E064158-B35C-4D37-B60C-13E1EA395354}.Release|Any CPU.Build.0 = Release|Any CPU
	EndGlobalSection
	GlobalSection(SolutionProperties) = preSolution
		HideSolutionNode = FALSE
	EndGlobalSection
	GlobalSection(ExtensibilityGlobals) = postSolution
		SolutionGuid = {CEDFAFF1-E506-499F-AD39-77FF82F64BFC}
	EndGlobalSection
EndGlobal
